{
  "requires": true,
  "lockfileVersion": 1,
  "dependencies": {
    "jquery": {
      "version": "3.3.1",
      "resolved": "http://registry.npm.taobao.org/jquery/download/jquery-3.3.1.tgz",
      "integrity": "sha1-lYzinoHJeQ8xvneS311NlfxX+8o="
    },
    "tips.js": {
      "version": "1.2.0",
      "resolved": "http://registry.npm.taobao.org/tips.js/download/tips.js-1.2.0.tgz",
      "integrity": "sha1-kA7NSrzkk4Y1nkxlqEtJZGwxJ5U=",
      "requires": {
        "jquery": ">=1.7.0"
      }
    }
  }
}
